
Microsoft Visual Studio Solution File, Format Version 12.00
# Visual Studio Version 17
VisualStudioVersion = 17.11.35219.272
MinimumVisualStudioVersion = 10.0.40219.1
Project("{FAE04EC0-301F-11D3-BF4B-00C04F79EFBC}") = "Practico4", "Practico4\Practico4.csproj", "{80C9E768-2FC1-4606-A257-9E9D7C5E9DCF}"
EndProject
Global
	GlobalSection(SolutionConfigurationPlatforms) = preSolution
		Debug|Any CPU = Debug|Any CPU
		Release|Any CPU = Release|Any CPU
	EndGlobalSection
	GlobalSection(ProjectConfigurationPlatforms) = postSolution
		{80C9E768-2FC1-4606-A257-9E9D7C5E9DCF}.Debug|Any CPU.ActiveCfg = Debug|Any CPU
		{80C9E768-2FC1-4606-A257-9E9D7C5E9DCF}.Debug|Any CPU.Build.0 = Debug|Any CPU
		{80C9E768-2FC1-4606-A257-9E9D7C5E9DCF}.Release|Any CPU.ActiveCfg = Release|Any CPU
		{80C9E768-2FC1-4606-A257-9E9D7C5E9DCF}.Release|Any CPU.Build.0 = Release|Any CPU
	EndGlobalSection
	GlobalSection(SolutionProperties) = preSolution
		HideSolutionNode = FALSE
	EndGlobalSection
	GlobalSection(ExtensibilityGlobals) = postSolution
		SolutionGuid = {9A5355C0-28F2-45CF-BA39-C7026A60F373}
	EndGlobalSection
EndGlobal
